
Microsoft Visual Studio Solution File, Format Version 12.00
# Visual Studio Version 17
VisualStudioVersion = 17.7.34031.279
MinimumVisualStudioVersion = 10.0.40219.1
Project("{FAE04EC0-301F-11D3-BF4B-00C04F79EFBC}") = "Ejericicio proyecto", "Ejericicio proyecto\Ejericicio proyecto.csproj", "{D9167A24-9412-4313-BB5A-C25831305B6C}"
EndProject
Project("{FAE04EC0-301F-11D3-BF4B-00C04F79EFBC}") = "Ejemplo 2 Repositorio", "Ejemplo 2 Repositorio\Ejemplo 2 Repositorio.csproj", "{0318C01A-0E2E-4DF9-89E2-B45390615332}"
EndProject
Global
	GlobalSection(SolutionConfigurationPlatforms) = preSolution
		Debug|Any CPU = Debug|Any CPU
		Release|Any CPU = Release|Any CPU
	EndGlobalSection
	GlobalSection(ProjectConfigurationPlatforms) = postSolution
		{D9167A24-9412-4313-BB5A-C25831305B6C}.Debug|Any CPU.ActiveCfg = Debug|Any CPU
		{D9167A24-9412-4313-BB5A-C25831305B6C}.Debug|Any CPU.Build.0 = Debug|Any CPU
		{D9167A24-9412-4313-BB5A-C25831305B6C}.Release|Any CPU.ActiveCfg = Release|Any CPU
		{D9167A24-9412-4313-BB5A-C25831305B6C}.Release|Any CPU.Build.0 = Release|Any CPU
		{0318C01A-0E2E-4DF9-89E2-B45390615332}.Debug|Any CPU.ActiveCfg = Debug|Any CPU
		{0318C01A-0E2E-4DF9-89E2-B45390615332}.Debug|Any CPU.Build.0 = Debug|Any CPU
		{0318C01A-0E2E-4DF9-89E2-B45390615332}.Release|Any CPU.ActiveCfg = Release|Any CPU
		{0318C01A-0E2E-4DF9-89E2-B45390615332}.Release|Any CPU.Build.0 = Release|Any CPU
	EndGlobalSection
	GlobalSection(SolutionProperties) = preSolution
		HideSolutionNode = FALSE
	EndGlobalSection
	GlobalSection(ExtensibilityGlobals) = postSolution
		SolutionGuid = {6301D630-9B9B-4E62-8CB1-F820E868D4C2}
	EndGlobalSection
EndGlobal
